
Microsoft Visual Studio Solution File, Format Version 12.00
# Visual Studio Version 16
VisualStudioVersion = 16.0.31729.503
MinimumVisualStudioVersion = 10.0.40219.1
Project("{FAE04EC0-301F-11D3-BF4B-00C04F79EFBC}") = "Snake", "Snake\Snake.csproj", "{569E69EA-5376-4DB4-B23B-765AC5ACD3E5}"
EndProject
Global
	GlobalSection(SolutionConfigurationPlatforms) = preSolution
		Debug|Any CPU = Debug|Any CPU
		Release|Any CPU = Release|Any CPU
	EndGlobalSection
	GlobalSection(ProjectConfigurationPlatforms) = postSolution
		{569E69EA-5376-4DB4-B23B-765AC5ACD3E5}.Debug|Any CPU.ActiveCfg = Debug|Any CPU
		{569E69EA-5376-4DB4-B23B-765AC5ACD3E5}.Debug|Any CPU.Build.0 = Debug|Any CPU
		{569E69EA-5376-4DB4-B23B-765AC5ACD3E5}.Release|Any CPU.ActiveCfg = Release|Any CPU
		{569E69EA-5376-4DB4-B23B-765AC5ACD3E5}.Release|Any CPU.Build.0 = Release|Any CPU
	EndGlobalSection
	GlobalSection(SolutionProperties) = preSolution
		HideSolutionNode = FALSE
	EndGlobalSection
	GlobalSection(ExtensibilityGlobals) = postSolution
		SolutionGuid = {C2D81BC5-C9F0-4AE5-A40A-E46E64CF1A87}
	EndGlobalSection
EndGlobal
